# generated by rye
# use `rye lock` or `rye sync` to update this lockfile
#
# last locked with the following flags:
#   pre: false
#   features: []
#   all-features: false
#   with-sources: false
#   generate-hashes: false
#   universal: false

-e file:.
aiohappyeyeballs==2.4.0
    # via aiohttp
aiohttp==3.10.5
    # via openai
aiosignal==1.3.1
    # via aiohttp
annotated-types==0.7.0
    # via pydantic
anthropic==0.34.2
    # via intermodel
anyio==4.4.0
    # via anthropic
    # via httpx
asgiref==3.8.1
    # via intermodel
attrs==24.2.0
    # via aiohttp
certifi==2024.8.30
    # via httpcore
    # via httpx
    # via requests
charset-normalizer==3.3.2
    # via requests
distro==1.9.0
    # via anthropic
filelock==3.16.0
    # via huggingface-hub
frozenlist==1.4.1
    # via aiohttp
    # via aiosignal
fsspec==2024.9.0
    # via huggingface-hub
h11==0.14.0
    # via httpcore
httpcore==1.0.5
    # via httpx
httpx==0.27.2
    # via anthropic
    # via intermodel
    # via replicate
huggingface-hub==0.24.7
    # via tokenizers
idna==3.8
    # via anyio
    # via httpx
    # via requests
    # via yarl
iniconfig==2.0.0
    # via pytest
jiter==0.5.0
    # via anthropic
multidict==6.1.0
    # via aiohttp
    # via yarl
openai==0.28.0
    # via intermodel
packaging==24.1
    # via huggingface-hub
    # via pytest
    # via replicate
pluggy==1.5.0
    # via pytest
pydantic==2.9.1
    # via anthropic
    # via replicate
pydantic-core==2.23.3
    # via pydantic
pytest==8.3.3
    # via intermodel
python-dotenv==1.0.1
    # via intermodel
pyyaml==6.0.2
    # via huggingface-hub
regex==2024.9.11
    # via tiktoken
replicate==0.32.1
    # via intermodel
requests==2.32.3
    # via huggingface-hub
    # via openai
    # via tiktoken
sniffio==1.3.1
    # via anthropic
    # via anyio
    # via httpx
tenacity==9.0.0
    # via intermodel
tiktoken==0.7.0
    # via intermodel
tokenizers==0.20.0
    # via anthropic
    # via intermodel
tqdm==4.66.5
    # via huggingface-hub
    # via openai
typing-extensions==4.12.2
    # via anthropic
    # via huggingface-hub
    # via pydantic
    # via pydantic-core
    # via replicate
urllib3==2.2.3
    # via requests
yarl==1.11.1
    # via aiohttp
